
Microsoft Visual Studio Solution File, Format Version 12.00
# Visual Studio Version 16
VisualStudioVersion = 16.0.29306.81
MinimumVisualStudioVersion = 10.0.40219.1
Project("{FAE04EC0-301F-11D3-BF4B-00C04F79EFBC}") = "Kurvendiskussion", "Kurvendiskussion.csproj", "{F534362B-A44F-44BA-92F3-EC6074BB9A95}"
EndProject
Global
	GlobalSection(SolutionConfigurationPlatforms) = preSolution
		Debug|Any CPU = Debug|Any CPU
		Release|Any CPU = Release|Any CPU
	EndGlobalSection
	GlobalSection(ProjectConfigurationPlatforms) = postSolution
		{F534362B-A44F-44BA-92F3-EC6074BB9A95}.Debug|Any CPU.ActiveCfg = Debug|Any CPU
		{F534362B-A44F-44BA-92F3-EC6074BB9A95}.Debug|Any CPU.Build.0 = Debug|Any CPU
		{F534362B-A44F-44BA-92F3-EC6074BB9A95}.Release|Any CPU.ActiveCfg = Release|Any CPU
		{F534362B-A44F-44BA-92F3-EC6074BB9A95}.Release|Any CPU.Build.0 = Release|Any CPU
	EndGlobalSection
	GlobalSection(SolutionProperties) = preSolution
		HideSolutionNode = FALSE
	EndGlobalSection
	GlobalSection(ExtensibilityGlobals) = postSolution
		SolutionGuid = {06A48134-9732-4349-87A0-9CB138F0947B}
	EndGlobalSection
EndGlobal
